// !$*UTF8*$!
{
	archiveVersion = 1;
	classes = {
	};
	objectVersion = 46;
	objects = {

/* Begin PBXBuildFile section */
		632E589A1567E25A00E059DF /* UIKit.framework in Frameworks */ = {isa = PBXBuildFile; fileRef = 632E58991567E25A00E059DF /* UIKit.framework */; };
		632E589C1567E25A00E059DF /* Foundation.framework in Frameworks */ = {isa = PBXBuildFile; fileRef = 632E589B1567E25A00E059DF /* Foundation.framework */; };
		632E589E1567E25A00E059DF /* CoreGraphics.framework in Frameworks */ = {isa = PBXBuildFile; fileRef = 632E589D1567E25A00E059DF /* CoreGraphics.framework */; };
		632E58A41567E25A00E059DF /* InfoPlist.strings in Resources */ = {isa = PBXBuildFile; fileRef = 632E58A21567E25A00E059DF /* InfoPlist.strings */; };
		632E58A61567E25A00E059DF /* main.m in Sources */ = {isa = PBXBuildFile; fileRef = 632E58A51567E25A00E059DF /* main.m */; };
		632E58AA1567E25A00E059DF /* HelloAppDelegate.m in Sources */ = {isa = PBXBuildFile; fileRef = 632E58A91567E25A00E059DF /* HelloAppDelegate.m */; };
		632E58AD1567E25A00E059DF /* HelloViewController.m in Sources */ = {isa = PBXBuildFile; fileRef = 632E58AC1567E25A00E059DF /* HelloViewController.m */; };
		632E58B01567E25A00E059DF /* HelloViewController.xib in Resources */ = {isa = PBXBuildFile; fileRef = 632E58AE1567E25A00E059DF /* HelloViewController.xib */; };
/* End PBXBuildFile section */

/* Begin PBXFileReference section */
		632E58951567E25A00E059DF /* Hello.app */ = {isa = PBXFileReference; explicitFileType = wrapper.application; includeInIndex = 0; path = Hello.app; sourceTree = BUILT_PRODUCTS_DIR; };
		632E58991567E25A00E059DF /* UIKit.framework */ = {isa = PBXFileReference; lastKnownFileType = wrapper.framework; name = UIKit.framework; path = System/Library/Frameworks/UIKit.framework; sourceTree = SDKROOT; };
		632E589B1567E25A00E059DF /* Foundation.framework */ = {isa = PBXFileReference; lastKnownFileType = wrapper.framework; name = Foundation.framework; path = System/Library/Frameworks/Foundation.framework; sourceTree = SDKROOT; };
		632E589D1567E25A00E059DF /* CoreGraphics.framework */ = {isa = PBXFileReference; lastKnownFileType = wrapper.framework; name = CoreGraphics.framework; path = System/Library/Frameworks/CoreGraphics.framework; sourceTree = SDKROOT; };
		632E58A11567E25A00E059DF /* Hello-Info.plist */ = {isa = PBXFileReference; lastKnownFileType = text.plist.xml; path = "Hello-Info.plist"; sourceTree = "<group>"; };
		632E58A31567E25A00E059DF /* en */ = {isa = PBXFileReference; lastKnownFileType = text.plist.strings; name = en; path = en.lproj/InfoPlist.strings; sourceTree = "<group>"; };
		632E58A51567E25A00E059DF /* main.m */ = {isa = PBXFileReference; lastKnownFileType = sourcecode.c.objc; path = main.m; sourceTree = "<group>"; };
		632E58A71567E25A00E059DF /* Hello-Prefix.pch */ = {isa = PBXFileReference; lastKnownFileType = sourcecode.c.h; path = "Hello-Prefix.pch"; sourceTree = "<group>"; };
		632E58A81567E25A00E059DF /* HelloAppDelegate.h */ = {isa = PBXFileReference; lastKnownFileType = sourcecode.c.h; path = HelloAppDelegate.h; sourceTree = "<group>"; };
		632E58A91567E25A00E059DF /* HelloAppDelegate.m */ = {isa = PBXFileReference; lastKnownFileType = sourcecode.c.objc; path = HelloAppDelegate.m; sourceTree = "<group>"; };
		632E58AB1567E25A00E059DF /* HelloViewController.h */ = {isa = PBXFileReference; lastKnownFileType = sourcecode.c.h; path = HelloViewController.h; sourceTree = "<group>"; };
		632E58AC1567E25A00E059DF /* HelloViewController.m */ = {isa = PBXFileReference; lastKnownFileType = sourcecode.c.objc; path = HelloViewController.m; sourceTree = "<group>"; };
		632E58AF1567E25A00E059DF /* en */ = {isa = PBXFileReference; lastKnownFileType = file.xib; name = en; path = en.lproj/HelloViewController.xib; sourceTree = "<group>"; };
/* End PBXFileReference section */

/* Begin PBXFrameworksBuildPhase section */
		632E58921567E25A00E059DF /* Frameworks */ = {
			isa = PBXFrameworksBuildPhase;
			buildActionMask = 2147483647;
			files = (
				632E589A1567E25A00E059DF /* UIKit.framework in Frameworks */,
				632E589C1567E25A00E059DF /* Foundation.framework in Frameworks */,
				632E589E1567E25A00E059DF /* CoreGraphics.framework in Frameworks */,
			);
			runOnlyForDeploymentPostprocessing = 0;
		};
/* End PBXFrameworksBuildPhase section */

/* Begin PBXGroup section */
		632E588A1567E25900E059DF = {
			isa = PBXGroup;
			children = (
				632E589F1567E25A00E059DF /* Hello */,
				632E58981567E25A00E059DF /* Frameworks */,
				632E58961567E25A00E059DF /* Products */,
			);
			sourceTree = "<group>";
		};
		632E58961567E25A00E059DF /* Products */ = {
			isa = PBXGroup;
			children = (
				632E58951567E25A00E059DF /* Hello.app */,
			);
			name = Products;
			sourceTree = "<group>";
		};
		632E58981567E25A00E059DF /* Frameworks */ = {
			isa = PBXGroup;
			children = (
				632E58991567E25A00E059DF /* UIKit.framework */,
				632E589B1567E25A00E059DF /* Foundation.framework */,
				632E589D1567E25A00E059DF /* CoreGraphics.framework */,
			);
			name = Frameworks;
			sourceTree = "<group>";
		};
		632E589F1567E25A00E059DF /* Hello */ = {
			isa = PBXGroup;
			children = (
				632E58A81567E25A00E059DF /* HelloAppDelegate.h */,
				632E58A91567E25A00E059DF /* HelloAppDelegate.m */,
				632E58AB1567E25A00E059DF /* HelloViewController.h */,
				632E58AC1567E25A00E059DF /* HelloViewController.m */,
				632E58AE1567E25A00E059DF /* HelloViewController.xib */,
				632E58A01567E25A00E059DF /* Supporting Files */,
			);
			path = Hello;
			sourceTree = "<group>";
		};
		632E58A01567E25A00E059DF /* Supporting Files */ = {
			isa = PBXGroup;
			children = (
				632E58A11567E25A00E059DF /* Hello-Info.plist */,
				632E58A21567E25A00E059DF /* InfoPlist.strings */,
				632E58A51567E25A00E059DF /* main.m */,
				632E58A71567E25A00E059DF /* Hello-Prefix.pch */,
			);
			name = "Supporting Files";
			sourceTree = "<group>";
		};
/* End PBXGroup section */

/* Begin PBXNativeTarget section */
		632E58941567E25A00E059DF /* Hello */ = {
			isa = PBXNativeTarget;
			buildConfigurationList = 632E58B31567E25A00E059DF /* Build configuration list for PBXNativeTarget "Hello" */;
			buildPhases = (
				632E58911567E25A00E059DF /* Sources */,
				632E58921567E25A00E059DF /* Frameworks */,
				632E58931567E25A00E059DF /* Resources */,
			);
			buildRules = (
			);
			dependencies = (
			);
			name = Hello;
			productName = Hello;
			productReference = 632E58951567E25A00E059DF /* Hello.app */;
			productType = "com.apple.product-type.application";
		};
/* End PBXNativeTarget section */

/* Begin PBXProject section */
		632E588C1567E25900E059DF /* Project object */ = {
			isa = PBXProject;
			attributes = {
				LastUpgradeCheck = 0420;
			};
			buildConfigurationList = 632E588F1567E25900E059DF /* Build configuration list for PBXProject "Hello" */;
			compatibilityVersion = "Xcode 3.2";
			developmentRegion = English;
			hasScannedForEncodings = 0;
			knownRegions = (
				en,
			);
			mainGroup = 632E588A1567E25900E059DF;
			productRefGroup = 632E58961567E25A00E059DF /* Products */;
			projectDirPath = "";
			projectRoot = "";
			targets = (
				632E58941567E25A00E059DF /* Hello */,
			);
		};
/* End PBXProject section */

/* Begin PBXResourcesBuildPhase section */
		632E58931567E25A00E059DF /* Resources */ = {
			isa = PBXResourcesBuildPhase;
			buildActionMask = 2147483647;
			files = (
				632E58A41567E25A00E059DF /* InfoPlist.strings in Resources */,
				632E58B01567E25A00E059DF /* HelloViewController.xib in Resources */,
			);
			runOnlyForDeploymentPostprocessing = 0;
		};
/* End PBXResourcesBuildPhase section */

/* Begin PBXSourcesBuildPhase section */
		632E58911567E25A00E059DF /* Sources */ = {
			isa = PBXSourcesBuildPhase;
			buildActionMask = 2147483647;
			files = (
				632E58A61567E25A00E059DF /* main.m in Sources */,
				632E58AA1567E25A00E059DF /* HelloAppDelegate.m in Sources */,
				632E58AD1567E25A00E059DF /* HelloViewController.m in Sources */,
			);
			runOnlyForDeploymentPostprocessing = 0;
		};
/* End PBXSourcesBuildPhase section */

/* Begin PBXVariantGroup section */
		632E58A21567E25A00E059DF /* InfoPlist.strings */ = {
			isa = PBXVariantGroup;
			children = (
				632E58A31567E25A00E059DF /* en */,
			);
			name = InfoPlist.strings;
			sourceTree = "<group>";
		};
		632E58AE1567E25A00E059DF /* HelloViewController.xib */ = {
			isa = PBXVariantGroup;
			children = (
				632E58AF1567E25A00E059DF /* en */,
			);
			name = HelloViewController.xib;
			sourceTree = "<group>";
		};
/* End PBXVariantGroup section */

/* Begin XCBuildConfiguration section */
		632E58B11567E25A00E059DF /* Debug */ = {
			isa = XCBuildConfiguration;
			buildSettings = {
				ALWAYS_SEARCH_USER_PATHS = NO;
				ARCHS = "$(ARCHS_STANDARD_32_BIT)";
				CLANG_ENABLE_OBJC_ARC = YES;
				"CODE_SIGN_IDENTITY[sdk=iphoneos*]" = "iPhone Developer";
				COPY_PHASE_STRIP = NO;
				GCC_C_LANGUAGE_STANDARD = gnu99;
				GCC_DYNAMIC_NO_PIC = NO;
				GCC_OPTIMIZATION_LEVEL = 0;
				GCC_PREPROCESSOR_DEFINITIONS = (
					"DEBUG=1",
					"$(inherited)",
				);
				GCC_SYMBOLS_PRIVATE_EXTERN = NO;
				GCC_VERSION = com.apple.compilers.llvm.clang.1_0;
				GCC_WARN_ABOUT_MISSING_PROTOTYPES = YES;
				GCC_WARN_ABOUT_RETURN_TYPE = YES;
				GCC_WARN_UNUSED_VARIABLE = YES;
				IPHONEOS_DEPLOYMENT_TARGET = 5.0;
				SDKROOT = iphoneos;
			};
			name = Debug;
		};
		632E58B21567E25A00E059DF /* Release */ = {
			isa = XCBuildConfiguration;
			buildSettings = {
				ALWAYS_SEARCH_USER_PATHS = NO;
				ARCHS = "$(ARCHS_STANDARD_32_BIT)";
				CLANG_ENABLE_OBJC_ARC = YES;
				"CODE_SIGN_IDENTITY[sdk=iphoneos*]" = "iPhone Developer";
				COPY_PHASE_STRIP = YES;
				GCC_C_LANGUAGE_STANDARD = gnu99;
				GCC_VERSION = com.apple.compilers.llvm.clang.1_0;
				GCC_WARN_ABOUT_MISSING_PROTOTYPES = YES;
				GCC_WARN_ABOUT_RETURN_TYPE = YES;
				GCC_WARN_UNUSED_VARIABLE = YES;
				IPHONEOS_DEPLOYMENT_TARGET = 5.0;
				OTHER_CFLAGS = "-DNS_BLOCK_ASSERTIONS=1";
				SDKROOT = iphoneos;
				VALIDATE_PRODUCT = YES;
			};
			name = Release;
		};
		632E58B41567E25A00E059DF /* Debug */ = {
			isa = XCBuildConfiguration;
			buildSettings = {
				GCC_PRECOMPILE_PREFIX_HEADER = YES;
				GCC_PREFIX_HEADER = "Hello/Hello-Prefix.pch";
				INFOPLIST_FILE = "Hello/Hello-Info.plist";
				PRODUCT_NAME = "$(TARGET_NAME)";
				WRAPPER_EXTENSION = app;
			};
			name = Debug;
		};
		632E58B51567E25A00E059DF /* Release */ = {
			isa = XCBuildConfiguration;
			buildSettings = {
				GCC_PRECOMPILE_PREFIX_HEADER = YES;
				GCC_PREFIX_HEADER = "Hello/Hello-Prefix.pch";
				INFOPLIST_FILE = "Hello/Hello-Info.plist";
				PRODUCT_NAME = "$(TARGET_NAME)";
				WRAPPER_EXTENSION = app;
			};
			name = Release;
		};
/* End XCBuildConfiguration section */

/* Begin XCConfigurationList section */
		632E588F1567E25900E059DF /* Build configuration list for PBXProject "Hello" */ = {
			isa = XCConfigurationList;
			buildConfigurations = (
				632E58B11567E25A00E059DF /* Debug */,
				632E58B21567E25A00E059DF /* Release */,
			);
			defaultConfigurationIsVisible = 0;
			defaultConfigurationName = Release;
		};
		632E58B31567E25A00E059DF /* Build configuration list for PBXNativeTarget "Hello" */ = {
			isa = XCConfigurationList;
			buildConfigurations = (
				632E58B41567E25A00E059DF /* Debug */,
				632E58B51567E25A00E059DF /* Release */,
			);
			defaultConfigurationIsVisible = 0;
		};
/* End XCConfigurationList section */
	};
	rootObject = 632E588C1567E25900E059DF /* Project object */;
}
