// !$*UTF8*$!
{
	archiveVersion = 1;
	classes = {
	};
	objectVersion = 46;
	objects = {

/* Begin PBXBuildFile section */
		39FF7F111611F65E00D6E443 /* UIKit.framework in Frameworks */ = {isa = PBXBuildFile; fileRef = 39FF7F101611F65E00D6E443 /* UIKit.framework */; };
		39FF7F131611F65E00D6E443 /* Foundation.framework in Frameworks */ = {isa = PBXBuildFile; fileRef = 39FF7F121611F65E00D6E443 /* Foundation.framework */; };
		39FF7F151611F65F00D6E443 /* CoreGraphics.framework in Frameworks */ = {isa = PBXBuildFile; fileRef = 39FF7F141611F65E00D6E443 /* CoreGraphics.framework */; };
		39FF7F1B1611F65F00D6E443 /* InfoPlist.strings in Resources */ = {isa = PBXBuildFile; fileRef = 39FF7F191611F65F00D6E443 /* InfoPlist.strings */; };
		39FF7F1D1611F65F00D6E443 /* main.m in Sources */ = {isa = PBXBuildFile; fileRef = 39FF7F1C1611F65F00D6E443 /* main.m */; };
		39FF7F211611F65F00D6E443 /* fAppDelegate.m in Sources */ = {isa = PBXBuildFile; fileRef = 39FF7F201611F65F00D6E443 /* fAppDelegate.m */; };
		39FF7F241611F65F00D6E443 /* fViewController.m in Sources */ = {isa = PBXBuildFile; fileRef = 39FF7F231611F65F00D6E443 /* fViewController.m */; };
		39FF7F271611F65F00D6E443 /* fViewController.xib in Resources */ = {isa = PBXBuildFile; fileRef = 39FF7F251611F65F00D6E443 /* fViewController.xib */; };
/* End PBXBuildFile section */

/* Begin PBXFileReference section */
		39FF7F0C1611F65E00D6E443 /* foo.app */ = {isa = PBXFileReference; explicitFileType = wrapper.application; includeInIndex = 0; path = foo.app; sourceTree = BUILT_PRODUCTS_DIR; };
		39FF7F101611F65E00D6E443 /* UIKit.framework */ = {isa = PBXFileReference; lastKnownFileType = wrapper.framework; name = UIKit.framework; path = System/Library/Frameworks/UIKit.framework; sourceTree = SDKROOT; };
		39FF7F121611F65E00D6E443 /* Foundation.framework */ = {isa = PBXFileReference; lastKnownFileType = wrapper.framework; name = Foundation.framework; path = System/Library/Frameworks/Foundation.framework; sourceTree = SDKROOT; };
		39FF7F141611F65E00D6E443 /* CoreGraphics.framework */ = {isa = PBXFileReference; lastKnownFileType = wrapper.framework; name = CoreGraphics.framework; path = System/Library/Frameworks/CoreGraphics.framework; sourceTree = SDKROOT; };
		39FF7F181611F65F00D6E443 /* foo-Info.plist */ = {isa = PBXFileReference; lastKnownFileType = text.plist.xml; path = "foo-Info.plist"; sourceTree = "<group>"; };
		39FF7F1A1611F65F00D6E443 /* en */ = {isa = PBXFileReference; lastKnownFileType = text.plist.strings; name = en; path = en.lproj/InfoPlist.strings; sourceTree = "<group>"; };
		39FF7F1C1611F65F00D6E443 /* main.m */ = {isa = PBXFileReference; lastKnownFileType = sourcecode.c.objc; path = main.m; sourceTree = "<group>"; };
		39FF7F1E1611F65F00D6E443 /* foo-Prefix.pch */ = {isa = PBXFileReference; lastKnownFileType = sourcecode.c.h; path = "foo-Prefix.pch"; sourceTree = "<group>"; };
		39FF7F1F1611F65F00D6E443 /* fAppDelegate.h */ = {isa = PBXFileReference; lastKnownFileType = sourcecode.c.h; path = fAppDelegate.h; sourceTree = "<group>"; };
		39FF7F201611F65F00D6E443 /* fAppDelegate.m */ = {isa = PBXFileReference; lastKnownFileType = sourcecode.c.objc; path = fAppDelegate.m; sourceTree = "<group>"; };
		39FF7F221611F65F00D6E443 /* fViewController.h */ = {isa = PBXFileReference; lastKnownFileType = sourcecode.c.h; path = fViewController.h; sourceTree = "<group>"; };
		39FF7F231611F65F00D6E443 /* fViewController.m */ = {isa = PBXFileReference; lastKnownFileType = sourcecode.c.objc; path = fViewController.m; sourceTree = "<group>"; };
		39FF7F261611F65F00D6E443 /* en */ = {isa = PBXFileReference; lastKnownFileType = file.xib; name = en; path = en.lproj/fViewController.xib; sourceTree = "<group>"; };
/* End PBXFileReference section */

/* Begin PBXFrameworksBuildPhase section */
		39FF7F091611F65E00D6E443 /* Frameworks */ = {
			isa = PBXFrameworksBuildPhase;
			buildActionMask = 2147483647;
			files = (
				39FF7F111611F65E00D6E443 /* UIKit.framework in Frameworks */,
				39FF7F131611F65E00D6E443 /* Foundation.framework in Frameworks */,
				39FF7F151611F65F00D6E443 /* CoreGraphics.framework in Frameworks */,
			);
			runOnlyForDeploymentPostprocessing = 0;
		};
/* End PBXFrameworksBuildPhase section */

/* Begin PBXGroup section */
		39FF7F011611F65E00D6E443 = {
			isa = PBXGroup;
			children = (
				39FF7F161611F65F00D6E443 /* foo */,
				39FF7F0F1611F65E00D6E443 /* Frameworks */,
				39FF7F0D1611F65E00D6E443 /* Products */,
			);
			sourceTree = "<group>";
		};
		39FF7F0D1611F65E00D6E443 /* Products */ = {
			isa = PBXGroup;
			children = (
				39FF7F0C1611F65E00D6E443 /* foo.app */,
			);
			name = Products;
			sourceTree = "<group>";
		};
		39FF7F0F1611F65E00D6E443 /* Frameworks */ = {
			isa = PBXGroup;
			children = (
				39FF7F101611F65E00D6E443 /* UIKit.framework */,
				39FF7F121611F65E00D6E443 /* Foundation.framework */,
				39FF7F141611F65E00D6E443 /* CoreGraphics.framework */,
			);
			name = Frameworks;
			sourceTree = "<group>";
		};
		39FF7F161611F65F00D6E443 /* foo */ = {
			isa = PBXGroup;
			children = (
				39FF7F1F1611F65F00D6E443 /* fAppDelegate.h */,
				39FF7F201611F65F00D6E443 /* fAppDelegate.m */,
				39FF7F221611F65F00D6E443 /* fViewController.h */,
				39FF7F231611F65F00D6E443 /* fViewController.m */,
				39FF7F251611F65F00D6E443 /* fViewController.xib */,
				39FF7F171611F65F00D6E443 /* Supporting Files */,
			);
			path = foo;
			sourceTree = "<group>";
		};
		39FF7F171611F65F00D6E443 /* Supporting Files */ = {
			isa = PBXGroup;
			children = (
				39FF7F181611F65F00D6E443 /* foo-Info.plist */,
				39FF7F191611F65F00D6E443 /* InfoPlist.strings */,
				39FF7F1C1611F65F00D6E443 /* main.m */,
				39FF7F1E1611F65F00D6E443 /* foo-Prefix.pch */,
			);
			name = "Supporting Files";
			sourceTree = "<group>";
		};
/* End PBXGroup section */

/* Begin PBXNativeTarget section */
		39FF7F0B1611F65E00D6E443 /* foo */ = {
			isa = PBXNativeTarget;
			buildConfigurationList = 39FF7F2A1611F65F00D6E443 /* Build configuration list for PBXNativeTarget "foo" */;
			buildPhases = (
				39FF7F081611F65E00D6E443 /* Sources */,
				39FF7F091611F65E00D6E443 /* Frameworks */,
				39FF7F0A1611F65E00D6E443 /* Resources */,
			);
			buildRules = (
			);
			dependencies = (
			);
			name = foo;
			productName = foo;
			productReference = 39FF7F0C1611F65E00D6E443 /* foo.app */;
			productType = "com.apple.product-type.application";
		};
/* End PBXNativeTarget section */

/* Begin PBXProject section */
		39FF7F031611F65E00D6E443 /* Project object */ = {
			isa = PBXProject;
			attributes = {
				CLASSPREFIX = f;
				LastUpgradeCheck = 0430;
			};
			buildConfigurationList = 39FF7F061611F65E00D6E443 /* Build configuration list for PBXProject "foo" */;
			compatibilityVersion = "Xcode 3.2";
			developmentRegion = English;
			hasScannedForEncodings = 0;
			knownRegions = (
				en,
			);
			mainGroup = 39FF7F011611F65E00D6E443;
			productRefGroup = 39FF7F0D1611F65E00D6E443 /* Products */;
			projectDirPath = "";
			projectRoot = "";
			targets = (
				39FF7F0B1611F65E00D6E443 /* foo */,
			);
		};
/* End PBXProject section */

/* Begin PBXResourcesBuildPhase section */
		39FF7F0A1611F65E00D6E443 /* Resources */ = {
			isa = PBXResourcesBuildPhase;
			buildActionMask = 2147483647;
			files = (
				39FF7F1B1611F65F00D6E443 /* InfoPlist.strings in Resources */,
				39FF7F271611F65F00D6E443 /* fViewController.xib in Resources */,
			);
			runOnlyForDeploymentPostprocessing = 0;
		};
/* End PBXResourcesBuildPhase section */

/* Begin PBXSourcesBuildPhase section */
		39FF7F081611F65E00D6E443 /* Sources */ = {
			isa = PBXSourcesBuildPhase;
			buildActionMask = 2147483647;
			files = (
				39FF7F1D1611F65F00D6E443 /* main.m in Sources */,
				39FF7F211611F65F00D6E443 /* fAppDelegate.m in Sources */,
				39FF7F241611F65F00D6E443 /* fViewController.m in Sources */,
			);
			runOnlyForDeploymentPostprocessing = 0;
		};
/* End PBXSourcesBuildPhase section */

/* Begin PBXVariantGroup section */
		39FF7F191611F65F00D6E443 /* InfoPlist.strings */ = {
			isa = PBXVariantGroup;
			children = (
				39FF7F1A1611F65F00D6E443 /* en */,
			);
			name = InfoPlist.strings;
			sourceTree = "<group>";
		};
		39FF7F251611F65F00D6E443 /* fViewController.xib */ = {
			isa = PBXVariantGroup;
			children = (
				39FF7F261611F65F00D6E443 /* en */,
			);
			name = fViewController.xib;
			sourceTree = "<group>";
		};
/* End PBXVariantGroup section */

/* Begin XCBuildConfiguration section */
		39FF7F281611F65F00D6E443 /* Debug */ = {
			isa = XCBuildConfiguration;
			buildSettings = {
				ALWAYS_SEARCH_USER_PATHS = NO;
				ARCHS = "$(ARCHS_STANDARD_32_BIT)";
				CLANG_ENABLE_OBJC_ARC = YES;
				"CODE_SIGN_IDENTITY[sdk=iphoneos*]" = "iPhone Developer";
				COPY_PHASE_STRIP = NO;
				GCC_C_LANGUAGE_STANDARD = gnu99;
				GCC_DYNAMIC_NO_PIC = NO;
				GCC_OPTIMIZATION_LEVEL = 0;
				GCC_PREPROCESSOR_DEFINITIONS = (
					"DEBUG=1",
					"$(inherited)",
				);
				GCC_SYMBOLS_PRIVATE_EXTERN = NO;
				GCC_VERSION = com.apple.compilers.llvm.clang.1_0;
				GCC_WARN_ABOUT_RETURN_TYPE = YES;
				GCC_WARN_UNINITIALIZED_AUTOS = YES;
				GCC_WARN_UNUSED_VARIABLE = YES;
				IPHONEOS_DEPLOYMENT_TARGET = 5.1;
				SDKROOT = iphoneos;
			};
			name = Debug;
		};
		39FF7F291611F65F00D6E443 /* Release */ = {
			isa = XCBuildConfiguration;
			buildSettings = {
				ALWAYS_SEARCH_USER_PATHS = NO;
				ARCHS = "$(ARCHS_STANDARD_32_BIT)";
				CLANG_ENABLE_OBJC_ARC = YES;
				"CODE_SIGN_IDENTITY[sdk=iphoneos*]" = "iPhone Developer";
				COPY_PHASE_STRIP = YES;
				GCC_C_LANGUAGE_STANDARD = gnu99;
				GCC_VERSION = com.apple.compilers.llvm.clang.1_0;
				GCC_WARN_ABOUT_RETURN_TYPE = YES;
				GCC_WARN_UNINITIALIZED_AUTOS = YES;
				GCC_WARN_UNUSED_VARIABLE = YES;
				IPHONEOS_DEPLOYMENT_TARGET = 5.1;
				OTHER_CFLAGS = "-DNS_BLOCK_ASSERTIONS=1";
				SDKROOT = iphoneos;
				VALIDATE_PRODUCT = YES;
			};
			name = Release;
		};
		39FF7F2B1611F65F00D6E443 /* Debug */ = {
			isa = XCBuildConfiguration;
			buildSettings = {
				GCC_PRECOMPILE_PREFIX_HEADER = YES;
				GCC_PREFIX_HEADER = "foo/foo-Prefix.pch";
				INFOPLIST_FILE = "foo/foo-Info.plist";
				PRODUCT_NAME = "$(TARGET_NAME)";
				WRAPPER_EXTENSION = app;
			};
			name = Debug;
		};
		39FF7F2C1611F65F00D6E443 /* Release */ = {
			isa = XCBuildConfiguration;
			buildSettings = {
				GCC_PRECOMPILE_PREFIX_HEADER = YES;
				GCC_PREFIX_HEADER = "foo/foo-Prefix.pch";
				INFOPLIST_FILE = "foo/foo-Info.plist";
				PRODUCT_NAME = "$(TARGET_NAME)";
				WRAPPER_EXTENSION = app;
			};
			name = Release;
		};
/* End XCBuildConfiguration section */

/* Begin XCConfigurationList section */
		39FF7F061611F65E00D6E443 /* Build configuration list for PBXProject "foo" */ = {
			isa = XCConfigurationList;
			buildConfigurations = (
				39FF7F281611F65F00D6E443 /* Debug */,
				39FF7F291611F65F00D6E443 /* Release */,
			);
			defaultConfigurationIsVisible = 0;
			defaultConfigurationName = Release;
		};
		39FF7F2A1611F65F00D6E443 /* Build configuration list for PBXNativeTarget "foo" */ = {
			isa = XCConfigurationList;
			buildConfigurations = (
				39FF7F2B1611F65F00D6E443 /* Debug */,
				39FF7F2C1611F65F00D6E443 /* Release */,
			);
			defaultConfigurationIsVisible = 0;
		};
/* End XCConfigurationList section */
	};
	rootObject = 39FF7F031611F65E00D6E443 /* Project object */;
}
