// !$*UTF8*$!
{
	archiveVersion = 1;
	classes = {
	};
	objectVersion = 46;
	objects = {

/* Begin PBXBuildFile section */
		6301E26815FF29A1009C1949 /* UIKit.framework in Frameworks */ = {isa = PBXBuildFile; fileRef = 6301E26715FF29A1009C1949 /* UIKit.framework */; };
		6301E26A15FF29A1009C1949 /* Foundation.framework in Frameworks */ = {isa = PBXBuildFile; fileRef = 6301E26915FF29A1009C1949 /* Foundation.framework */; };
		6301E26C15FF29A1009C1949 /* CoreGraphics.framework in Frameworks */ = {isa = PBXBuildFile; fileRef = 6301E26B15FF29A1009C1949 /* CoreGraphics.framework */; };
		6301E27215FF29A1009C1949 /* InfoPlist.strings in Resources */ = {isa = PBXBuildFile; fileRef = 6301E27015FF29A1009C1949 /* InfoPlist.strings */; };
		6301E27415FF29A1009C1949 /* main.m in Sources */ = {isa = PBXBuildFile; fileRef = 6301E27315FF29A1009C1949 /* main.m */; };
		6301E27815FF29A1009C1949 /* FireAppDelegate.m in Sources */ = {isa = PBXBuildFile; fileRef = 6301E27715FF29A1009C1949 /* FireAppDelegate.m */; };
		6301E27B15FF29A1009C1949 /* FireViewController.m in Sources */ = {isa = PBXBuildFile; fileRef = 6301E27A15FF29A1009C1949 /* FireViewController.m */; };
		6301E27E15FF29A1009C1949 /* FireViewController.xib in Resources */ = {isa = PBXBuildFile; fileRef = 6301E27C15FF29A1009C1949 /* FireViewController.xib */; };
		6301E2BB15FF3682009C1949 /* FrontViewController.m in Sources */ = {isa = PBXBuildFile; fileRef = 6301E2B915FF3682009C1949 /* FrontViewController.m */; };
		6301E2BC15FF3682009C1949 /* FrontViewController.xib in Resources */ = {isa = PBXBuildFile; fileRef = 6301E2BA15FF3682009C1949 /* FrontViewController.xib */; };
		63A7DAD81600655000665C26 /* campfire.png in Resources */ = {isa = PBXBuildFile; fileRef = 63A7DAD71600655000665C26 /* campfire.png */; };
		63EC71AD15FF4138005C297F /* campfire.png in Resources */ = {isa = PBXBuildFile; fileRef = 63EC719B15FF4138005C297F /* campfire.png */; };
		63EC71AE15FF4138005C297F /* campFire01.gif in Resources */ = {isa = PBXBuildFile; fileRef = 63EC719C15FF4138005C297F /* campFire01.gif */; };
		63EC71AF15FF4138005C297F /* campFire02.gif in Resources */ = {isa = PBXBuildFile; fileRef = 63EC719D15FF4138005C297F /* campFire02.gif */; };
		63EC71B015FF4138005C297F /* campFire03.gif in Resources */ = {isa = PBXBuildFile; fileRef = 63EC719E15FF4138005C297F /* campFire03.gif */; };
		63EC71B115FF4138005C297F /* campFire04.gif in Resources */ = {isa = PBXBuildFile; fileRef = 63EC719F15FF4138005C297F /* campFire04.gif */; };
		63EC71B215FF4138005C297F /* campFire05.gif in Resources */ = {isa = PBXBuildFile; fileRef = 63EC71A015FF4138005C297F /* campFire05.gif */; };
		63EC71B315FF4138005C297F /* campFire06.gif in Resources */ = {isa = PBXBuildFile; fileRef = 63EC71A115FF4138005C297F /* campFire06.gif */; };
		63EC71B415FF4138005C297F /* campFire07.gif in Resources */ = {isa = PBXBuildFile; fileRef = 63EC71A215FF4138005C297F /* campFire07.gif */; };
		63EC71B515FF4138005C297F /* campFire08.gif in Resources */ = {isa = PBXBuildFile; fileRef = 63EC71A315FF4138005C297F /* campFire08.gif */; };
		63EC71B615FF4138005C297F /* campFire09.gif in Resources */ = {isa = PBXBuildFile; fileRef = 63EC71A415FF4138005C297F /* campFire09.gif */; };
		63EC71B715FF4138005C297F /* campFire10.gif in Resources */ = {isa = PBXBuildFile; fileRef = 63EC71A515FF4138005C297F /* campFire10.gif */; };
		63EC71B815FF4138005C297F /* campFire11.gif in Resources */ = {isa = PBXBuildFile; fileRef = 63EC71A615FF4138005C297F /* campFire11.gif */; };
		63EC71B915FF4138005C297F /* campFire12.gif in Resources */ = {isa = PBXBuildFile; fileRef = 63EC71A715FF4138005C297F /* campFire12.gif */; };
		63EC71BA15FF4138005C297F /* campFire13.gif in Resources */ = {isa = PBXBuildFile; fileRef = 63EC71A815FF4138005C297F /* campFire13.gif */; };
		63EC71BB15FF4138005C297F /* campFire14.gif in Resources */ = {isa = PBXBuildFile; fileRef = 63EC71A915FF4138005C297F /* campFire14.gif */; };
		63EC71BC15FF4138005C297F /* campFire15.gif in Resources */ = {isa = PBXBuildFile; fileRef = 63EC71AA15FF4138005C297F /* campFire15.gif */; };
		63EC71BD15FF4138005C297F /* campFire16.gif in Resources */ = {isa = PBXBuildFile; fileRef = 63EC71AB15FF4138005C297F /* campFire16.gif */; };
		63EC71BE15FF4138005C297F /* campFire17.gif in Resources */ = {isa = PBXBuildFile; fileRef = 63EC71AC15FF4138005C297F /* campFire17.gif */; };
		63EC71C315FF42C7005C297F /* BackViewController.m in Sources */ = {isa = PBXBuildFile; fileRef = 63EC71C115FF42C7005C297F /* BackViewController.m */; };
		63EC71C415FF42C7005C297F /* BackViewController.xib in Resources */ = {isa = PBXBuildFile; fileRef = 63EC71C215FF42C7005C297F /* BackViewController.xib */; };
/* End PBXBuildFile section */

/* Begin PBXFileReference section */
		6301E26315FF29A1009C1949 /* Fire.app */ = {isa = PBXFileReference; explicitFileType = wrapper.application; includeInIndex = 0; path = Fire.app; sourceTree = BUILT_PRODUCTS_DIR; };
		6301E26715FF29A1009C1949 /* UIKit.framework */ = {isa = PBXFileReference; lastKnownFileType = wrapper.framework; name = UIKit.framework; path = System/Library/Frameworks/UIKit.framework; sourceTree = SDKROOT; };
		6301E26915FF29A1009C1949 /* Foundation.framework */ = {isa = PBXFileReference; lastKnownFileType = wrapper.framework; name = Foundation.framework; path = System/Library/Frameworks/Foundation.framework; sourceTree = SDKROOT; };
		6301E26B15FF29A1009C1949 /* CoreGraphics.framework */ = {isa = PBXFileReference; lastKnownFileType = wrapper.framework; name = CoreGraphics.framework; path = System/Library/Frameworks/CoreGraphics.framework; sourceTree = SDKROOT; };
		6301E26F15FF29A1009C1949 /* Fire-Info.plist */ = {isa = PBXFileReference; lastKnownFileType = text.plist.xml; path = "Fire-Info.plist"; sourceTree = "<group>"; };
		6301E27115FF29A1009C1949 /* en */ = {isa = PBXFileReference; lastKnownFileType = text.plist.strings; name = en; path = en.lproj/InfoPlist.strings; sourceTree = "<group>"; };
		6301E27315FF29A1009C1949 /* main.m */ = {isa = PBXFileReference; lastKnownFileType = sourcecode.c.objc; path = main.m; sourceTree = "<group>"; };
		6301E27515FF29A1009C1949 /* Fire-Prefix.pch */ = {isa = PBXFileReference; lastKnownFileType = sourcecode.c.h; path = "Fire-Prefix.pch"; sourceTree = "<group>"; };
		6301E27615FF29A1009C1949 /* FireAppDelegate.h */ = {isa = PBXFileReference; lastKnownFileType = sourcecode.c.h; path = FireAppDelegate.h; sourceTree = "<group>"; };
		6301E27715FF29A1009C1949 /* FireAppDelegate.m */ = {isa = PBXFileReference; lastKnownFileType = sourcecode.c.objc; path = FireAppDelegate.m; sourceTree = "<group>"; };
		6301E27915FF29A1009C1949 /* FireViewController.h */ = {isa = PBXFileReference; lastKnownFileType = sourcecode.c.h; path = FireViewController.h; sourceTree = "<group>"; };
		6301E27A15FF29A1009C1949 /* FireViewController.m */ = {isa = PBXFileReference; lastKnownFileType = sourcecode.c.objc; path = FireViewController.m; sourceTree = "<group>"; };
		6301E27D15FF29A1009C1949 /* en */ = {isa = PBXFileReference; lastKnownFileType = file.xib; name = en; path = en.lproj/FireViewController.xib; sourceTree = "<group>"; };
		6301E2B815FF3682009C1949 /* FrontViewController.h */ = {isa = PBXFileReference; fileEncoding = 4; lastKnownFileType = sourcecode.c.h; path = FrontViewController.h; sourceTree = "<group>"; };
		6301E2B915FF3682009C1949 /* FrontViewController.m */ = {isa = PBXFileReference; fileEncoding = 4; lastKnownFileType = sourcecode.c.objc; path = FrontViewController.m; sourceTree = "<group>"; };
		6301E2BA15FF3682009C1949 /* FrontViewController.xib */ = {isa = PBXFileReference; fileEncoding = 4; lastKnownFileType = file.xib; path = FrontViewController.xib; sourceTree = "<group>"; };
		63A7DAD71600655000665C26 /* campfire.png */ = {isa = PBXFileReference; lastKnownFileType = image.png; path = campfire.png; sourceTree = "<group>"; };
		63EC719B15FF4138005C297F /* campfire.png */ = {isa = PBXFileReference; lastKnownFileType = image.png; path = campfire.png; sourceTree = "<group>"; };
		63EC719C15FF4138005C297F /* campFire01.gif */ = {isa = PBXFileReference; lastKnownFileType = image.gif; path = campFire01.gif; sourceTree = "<group>"; };
		63EC719D15FF4138005C297F /* campFire02.gif */ = {isa = PBXFileReference; lastKnownFileType = image.gif; path = campFire02.gif; sourceTree = "<group>"; };
		63EC719E15FF4138005C297F /* campFire03.gif */ = {isa = PBXFileReference; lastKnownFileType = image.gif; path = campFire03.gif; sourceTree = "<group>"; };
		63EC719F15FF4138005C297F /* campFire04.gif */ = {isa = PBXFileReference; lastKnownFileType = image.gif; path = campFire04.gif; sourceTree = "<group>"; };
		63EC71A015FF4138005C297F /* campFire05.gif */ = {isa = PBXFileReference; lastKnownFileType = image.gif; path = campFire05.gif; sourceTree = "<group>"; };
		63EC71A115FF4138005C297F /* campFire06.gif */ = {isa = PBXFileReference; lastKnownFileType = image.gif; path = campFire06.gif; sourceTree = "<group>"; };
		63EC71A215FF4138005C297F /* campFire07.gif */ = {isa = PBXFileReference; lastKnownFileType = image.gif; path = campFire07.gif; sourceTree = "<group>"; };
		63EC71A315FF4138005C297F /* campFire08.gif */ = {isa = PBXFileReference; lastKnownFileType = image.gif; path = campFire08.gif; sourceTree = "<group>"; };
		63EC71A415FF4138005C297F /* campFire09.gif */ = {isa = PBXFileReference; lastKnownFileType = image.gif; path = campFire09.gif; sourceTree = "<group>"; };
		63EC71A515FF4138005C297F /* campFire10.gif */ = {isa = PBXFileReference; lastKnownFileType = image.gif; path = campFire10.gif; sourceTree = "<group>"; };
		63EC71A615FF4138005C297F /* campFire11.gif */ = {isa = PBXFileReference; lastKnownFileType = image.gif; path = campFire11.gif; sourceTree = "<group>"; };
		63EC71A715FF4138005C297F /* campFire12.gif */ = {isa = PBXFileReference; lastKnownFileType = image.gif; path = campFire12.gif; sourceTree = "<group>"; };
		63EC71A815FF4138005C297F /* campFire13.gif */ = {isa = PBXFileReference; lastKnownFileType = image.gif; path = campFire13.gif; sourceTree = "<group>"; };
		63EC71A915FF4138005C297F /* campFire14.gif */ = {isa = PBXFileReference; lastKnownFileType = image.gif; path = campFire14.gif; sourceTree = "<group>"; };
		63EC71AA15FF4138005C297F /* campFire15.gif */ = {isa = PBXFileReference; lastKnownFileType = image.gif; path = campFire15.gif; sourceTree = "<group>"; };
		63EC71AB15FF4138005C297F /* campFire16.gif */ = {isa = PBXFileReference; lastKnownFileType = image.gif; path = campFire16.gif; sourceTree = "<group>"; };
		63EC71AC15FF4138005C297F /* campFire17.gif */ = {isa = PBXFileReference; lastKnownFileType = image.gif; path = campFire17.gif; sourceTree = "<group>"; };
		63EC71C015FF42C7005C297F /* BackViewController.h */ = {isa = PBXFileReference; fileEncoding = 4; lastKnownFileType = sourcecode.c.h; path = BackViewController.h; sourceTree = "<group>"; };
		63EC71C115FF42C7005C297F /* BackViewController.m */ = {isa = PBXFileReference; fileEncoding = 4; lastKnownFileType = sourcecode.c.objc; path = BackViewController.m; sourceTree = "<group>"; };
		63EC71C215FF42C7005C297F /* BackViewController.xib */ = {isa = PBXFileReference; fileEncoding = 4; lastKnownFileType = file.xib; path = BackViewController.xib; sourceTree = "<group>"; };
/* End PBXFileReference section */

/* Begin PBXFrameworksBuildPhase section */
		6301E26015FF29A1009C1949 /* Frameworks */ = {
			isa = PBXFrameworksBuildPhase;
			buildActionMask = 2147483647;
			files = (
				6301E26815FF29A1009C1949 /* UIKit.framework in Frameworks */,
				6301E26A15FF29A1009C1949 /* Foundation.framework in Frameworks */,
				6301E26C15FF29A1009C1949 /* CoreGraphics.framework in Frameworks */,
			);
			runOnlyForDeploymentPostprocessing = 0;
		};
/* End PBXFrameworksBuildPhase section */

/* Begin PBXGroup section */
		6301E25815FF29A1009C1949 = {
			isa = PBXGroup;
			children = (
				63A7DAD71600655000665C26 /* campfire.png */,
				6301E26D15FF29A1009C1949 /* Fire */,
				6301E26615FF29A1009C1949 /* Frameworks */,
				6301E26415FF29A1009C1949 /* Products */,
			);
			sourceTree = "<group>";
		};
		6301E26415FF29A1009C1949 /* Products */ = {
			isa = PBXGroup;
			children = (
				6301E26315FF29A1009C1949 /* Fire.app */,
			);
			name = Products;
			sourceTree = "<group>";
		};
		6301E26615FF29A1009C1949 /* Frameworks */ = {
			isa = PBXGroup;
			children = (
				6301E26715FF29A1009C1949 /* UIKit.framework */,
				6301E26915FF29A1009C1949 /* Foundation.framework */,
				6301E26B15FF29A1009C1949 /* CoreGraphics.framework */,
			);
			name = Frameworks;
			sourceTree = "<group>";
		};
		6301E26D15FF29A1009C1949 /* Fire */ = {
			isa = PBXGroup;
			children = (
				63EC71BF15FF429F005C297F /* Back */,
				6301E2B715FF3682009C1949 /* Front */,
				6301E27615FF29A1009C1949 /* FireAppDelegate.h */,
				6301E27715FF29A1009C1949 /* FireAppDelegate.m */,
				6301E27915FF29A1009C1949 /* FireViewController.h */,
				6301E27A15FF29A1009C1949 /* FireViewController.m */,
				6301E27C15FF29A1009C1949 /* FireViewController.xib */,
				6301E26E15FF29A1009C1949 /* Supporting Files */,
			);
			path = Fire;
			sourceTree = "<group>";
		};
		6301E26E15FF29A1009C1949 /* Supporting Files */ = {
			isa = PBXGroup;
			children = (
				6301E26F15FF29A1009C1949 /* Fire-Info.plist */,
				6301E27015FF29A1009C1949 /* InfoPlist.strings */,
				6301E27315FF29A1009C1949 /* main.m */,
				6301E27515FF29A1009C1949 /* Fire-Prefix.pch */,
			);
			name = "Supporting Files";
			sourceTree = "<group>";
		};
		6301E2B715FF3682009C1949 /* Front */ = {
			isa = PBXGroup;
			children = (
				63EC719A15FF4138005C297F /* images */,
				6301E2B815FF3682009C1949 /* FrontViewController.h */,
				6301E2B915FF3682009C1949 /* FrontViewController.m */,
				6301E2BA15FF3682009C1949 /* FrontViewController.xib */,
			);
			path = Front;
			sourceTree = "<group>";
		};
		63EC719A15FF4138005C297F /* images */ = {
			isa = PBXGroup;
			children = (
				63EC719B15FF4138005C297F /* campfire.png */,
				63EC719C15FF4138005C297F /* campFire01.gif */,
				63EC719D15FF4138005C297F /* campFire02.gif */,
				63EC719E15FF4138005C297F /* campFire03.gif */,
				63EC719F15FF4138005C297F /* campFire04.gif */,
				63EC71A015FF4138005C297F /* campFire05.gif */,
				63EC71A115FF4138005C297F /* campFire06.gif */,
				63EC71A215FF4138005C297F /* campFire07.gif */,
				63EC71A315FF4138005C297F /* campFire08.gif */,
				63EC71A415FF4138005C297F /* campFire09.gif */,
				63EC71A515FF4138005C297F /* campFire10.gif */,
				63EC71A615FF4138005C297F /* campFire11.gif */,
				63EC71A715FF4138005C297F /* campFire12.gif */,
				63EC71A815FF4138005C297F /* campFire13.gif */,
				63EC71A915FF4138005C297F /* campFire14.gif */,
				63EC71AA15FF4138005C297F /* campFire15.gif */,
				63EC71AB15FF4138005C297F /* campFire16.gif */,
				63EC71AC15FF4138005C297F /* campFire17.gif */,
			);
			path = images;
			sourceTree = "<group>";
		};
		63EC71BF15FF429F005C297F /* Back */ = {
			isa = PBXGroup;
			children = (
				63EC71C015FF42C7005C297F /* BackViewController.h */,
				63EC71C115FF42C7005C297F /* BackViewController.m */,
				63EC71C215FF42C7005C297F /* BackViewController.xib */,
			);
			path = Back;
			sourceTree = "<group>";
		};
/* End PBXGroup section */

/* Begin PBXNativeTarget section */
		6301E26215FF29A1009C1949 /* Fire */ = {
			isa = PBXNativeTarget;
			buildConfigurationList = 6301E28115FF29A1009C1949 /* Build configuration list for PBXNativeTarget "Fire" */;
			buildPhases = (
				6301E25F15FF29A1009C1949 /* Sources */,
				6301E26015FF29A1009C1949 /* Frameworks */,
				6301E26115FF29A1009C1949 /* Resources */,
			);
			buildRules = (
			);
			dependencies = (
			);
			name = Fire;
			productName = Fire;
			productReference = 6301E26315FF29A1009C1949 /* Fire.app */;
			productType = "com.apple.product-type.application";
		};
/* End PBXNativeTarget section */

/* Begin PBXProject section */
		6301E25A15FF29A1009C1949 /* Project object */ = {
			isa = PBXProject;
			attributes = {
				LastUpgradeCheck = 0420;
			};
			buildConfigurationList = 6301E25D15FF29A1009C1949 /* Build configuration list for PBXProject "Fire" */;
			compatibilityVersion = "Xcode 3.2";
			developmentRegion = English;
			hasScannedForEncodings = 0;
			knownRegions = (
				en,
			);
			mainGroup = 6301E25815FF29A1009C1949;
			productRefGroup = 6301E26415FF29A1009C1949 /* Products */;
			projectDirPath = "";
			projectRoot = "";
			targets = (
				6301E26215FF29A1009C1949 /* Fire */,
			);
		};
/* End PBXProject section */

/* Begin PBXResourcesBuildPhase section */
		6301E26115FF29A1009C1949 /* Resources */ = {
			isa = PBXResourcesBuildPhase;
			buildActionMask = 2147483647;
			files = (
				6301E27215FF29A1009C1949 /* InfoPlist.strings in Resources */,
				6301E27E15FF29A1009C1949 /* FireViewController.xib in Resources */,
				6301E2BC15FF3682009C1949 /* FrontViewController.xib in Resources */,
				63EC71AD15FF4138005C297F /* campfire.png in Resources */,
				63EC71AE15FF4138005C297F /* campFire01.gif in Resources */,
				63EC71AF15FF4138005C297F /* campFire02.gif in Resources */,
				63EC71B015FF4138005C297F /* campFire03.gif in Resources */,
				63EC71B115FF4138005C297F /* campFire04.gif in Resources */,
				63EC71B215FF4138005C297F /* campFire05.gif in Resources */,
				63EC71B315FF4138005C297F /* campFire06.gif in Resources */,
				63EC71B415FF4138005C297F /* campFire07.gif in Resources */,
				63EC71B515FF4138005C297F /* campFire08.gif in Resources */,
				63EC71B615FF4138005C297F /* campFire09.gif in Resources */,
				63EC71B715FF4138005C297F /* campFire10.gif in Resources */,
				63EC71B815FF4138005C297F /* campFire11.gif in Resources */,
				63EC71B915FF4138005C297F /* campFire12.gif in Resources */,
				63EC71BA15FF4138005C297F /* campFire13.gif in Resources */,
				63EC71BB15FF4138005C297F /* campFire14.gif in Resources */,
				63EC71BC15FF4138005C297F /* campFire15.gif in Resources */,
				63EC71BD15FF4138005C297F /* campFire16.gif in Resources */,
				63EC71BE15FF4138005C297F /* campFire17.gif in Resources */,
				63EC71C415FF42C7005C297F /* BackViewController.xib in Resources */,
				63A7DAD81600655000665C26 /* campfire.png in Resources */,
			);
			runOnlyForDeploymentPostprocessing = 0;
		};
/* End PBXResourcesBuildPhase section */

/* Begin PBXSourcesBuildPhase section */
		6301E25F15FF29A1009C1949 /* Sources */ = {
			isa = PBXSourcesBuildPhase;
			buildActionMask = 2147483647;
			files = (
				6301E27415FF29A1009C1949 /* main.m in Sources */,
				6301E27815FF29A1009C1949 /* FireAppDelegate.m in Sources */,
				6301E27B15FF29A1009C1949 /* FireViewController.m in Sources */,
				6301E2BB15FF3682009C1949 /* FrontViewController.m in Sources */,
				63EC71C315FF42C7005C297F /* BackViewController.m in Sources */,
			);
			runOnlyForDeploymentPostprocessing = 0;
		};
/* End PBXSourcesBuildPhase section */

/* Begin PBXVariantGroup section */
		6301E27015FF29A1009C1949 /* InfoPlist.strings */ = {
			isa = PBXVariantGroup;
			children = (
				6301E27115FF29A1009C1949 /* en */,
			);
			name = InfoPlist.strings;
			sourceTree = "<group>";
		};
		6301E27C15FF29A1009C1949 /* FireViewController.xib */ = {
			isa = PBXVariantGroup;
			children = (
				6301E27D15FF29A1009C1949 /* en */,
			);
			name = FireViewController.xib;
			sourceTree = "<group>";
		};
/* End PBXVariantGroup section */

/* Begin XCBuildConfiguration section */
		6301E27F15FF29A1009C1949 /* Debug */ = {
			isa = XCBuildConfiguration;
			buildSettings = {
				ALWAYS_SEARCH_USER_PATHS = NO;
				ARCHS = "$(ARCHS_STANDARD_32_BIT)";
				CLANG_ENABLE_OBJC_ARC = YES;
				"CODE_SIGN_IDENTITY[sdk=iphoneos*]" = "iPhone Developer";
				COPY_PHASE_STRIP = NO;
				GCC_C_LANGUAGE_STANDARD = gnu99;
				GCC_DYNAMIC_NO_PIC = NO;
				GCC_OPTIMIZATION_LEVEL = 0;
				GCC_PREPROCESSOR_DEFINITIONS = (
					"DEBUG=1",
					"$(inherited)",
				);
				GCC_SYMBOLS_PRIVATE_EXTERN = NO;
				GCC_VERSION = com.apple.compilers.llvm.clang.1_0;
				GCC_WARN_ABOUT_MISSING_PROTOTYPES = YES;
				GCC_WARN_ABOUT_RETURN_TYPE = YES;
				GCC_WARN_UNUSED_VARIABLE = YES;
				IPHONEOS_DEPLOYMENT_TARGET = 5.0;
				SDKROOT = iphoneos;
			};
			name = Debug;
		};
		6301E28015FF29A1009C1949 /* Release */ = {
			isa = XCBuildConfiguration;
			buildSettings = {
				ALWAYS_SEARCH_USER_PATHS = NO;
				ARCHS = "$(ARCHS_STANDARD_32_BIT)";
				CLANG_ENABLE_OBJC_ARC = YES;
				"CODE_SIGN_IDENTITY[sdk=iphoneos*]" = "iPhone Developer";
				COPY_PHASE_STRIP = YES;
				GCC_C_LANGUAGE_STANDARD = gnu99;
				GCC_VERSION = com.apple.compilers.llvm.clang.1_0;
				GCC_WARN_ABOUT_MISSING_PROTOTYPES = YES;
				GCC_WARN_ABOUT_RETURN_TYPE = YES;
				GCC_WARN_UNUSED_VARIABLE = YES;
				IPHONEOS_DEPLOYMENT_TARGET = 5.0;
				OTHER_CFLAGS = "-DNS_BLOCK_ASSERTIONS=1";
				SDKROOT = iphoneos;
				VALIDATE_PRODUCT = YES;
			};
			name = Release;
		};
		6301E28215FF29A1009C1949 /* Debug */ = {
			isa = XCBuildConfiguration;
			buildSettings = {
				GCC_PRECOMPILE_PREFIX_HEADER = YES;
				GCC_PREFIX_HEADER = "Fire/Fire-Prefix.pch";
				INFOPLIST_FILE = "Fire/Fire-Info.plist";
				PRODUCT_NAME = "$(TARGET_NAME)";
				WRAPPER_EXTENSION = app;
			};
			name = Debug;
		};
		6301E28315FF29A1009C1949 /* Release */ = {
			isa = XCBuildConfiguration;
			buildSettings = {
				GCC_PRECOMPILE_PREFIX_HEADER = YES;
				GCC_PREFIX_HEADER = "Fire/Fire-Prefix.pch";
				INFOPLIST_FILE = "Fire/Fire-Info.plist";
				PRODUCT_NAME = "$(TARGET_NAME)";
				WRAPPER_EXTENSION = app;
			};
			name = Release;
		};
/* End XCBuildConfiguration section */

/* Begin XCConfigurationList section */
		6301E25D15FF29A1009C1949 /* Build configuration list for PBXProject "Fire" */ = {
			isa = XCConfigurationList;
			buildConfigurations = (
				6301E27F15FF29A1009C1949 /* Debug */,
				6301E28015FF29A1009C1949 /* Release */,
			);
			defaultConfigurationIsVisible = 0;
			defaultConfigurationName = Release;
		};
		6301E28115FF29A1009C1949 /* Build configuration list for PBXNativeTarget "Fire" */ = {
			isa = XCConfigurationList;
			buildConfigurations = (
				6301E28215FF29A1009C1949 /* Debug */,
				6301E28315FF29A1009C1949 /* Release */,
			);
			defaultConfigurationIsVisible = 0;
			defaultConfigurationName = Release;
		};
/* End XCConfigurationList section */
	};
	rootObject = 6301E25A15FF29A1009C1949 /* Project object */;
}
