// !$*UTF8*$!
{
	archiveVersion = 1;
	classes = {
	};
	objectVersion = 46;
	objects = {

/* Begin PBXBuildFile section */
		393C7F261610A4540042136D /* UIKit.framework in Frameworks */ = {isa = PBXBuildFile; fileRef = 393C7F251610A4540042136D /* UIKit.framework */; };
		393C7F281610A4540042136D /* Foundation.framework in Frameworks */ = {isa = PBXBuildFile; fileRef = 393C7F271610A4540042136D /* Foundation.framework */; };
		393C7F2A1610A4540042136D /* CoreGraphics.framework in Frameworks */ = {isa = PBXBuildFile; fileRef = 393C7F291610A4540042136D /* CoreGraphics.framework */; };
		393C7F301610A4540042136D /* InfoPlist.strings in Resources */ = {isa = PBXBuildFile; fileRef = 393C7F2E1610A4540042136D /* InfoPlist.strings */; };
		393C7F321610A4540042136D /* main.m in Sources */ = {isa = PBXBuildFile; fileRef = 393C7F311610A4540042136D /* main.m */; };
		393C7F361610A4540042136D /* rtAppDelegate.m in Sources */ = {isa = PBXBuildFile; fileRef = 393C7F351610A4540042136D /* rtAppDelegate.m */; };
		393C7F391610A4540042136D /* rtViewController.m in Sources */ = {isa = PBXBuildFile; fileRef = 393C7F381610A4540042136D /* rtViewController.m */; };
		393C7F3C1610A4540042136D /* rtViewController.xib in Resources */ = {isa = PBXBuildFile; fileRef = 393C7F3A1610A4540042136D /* rtViewController.xib */; };
		393C7F481610A46D0042136D /* gasPedalSmall.png in Resources */ = {isa = PBXBuildFile; fileRef = 393C7F421610A46D0042136D /* gasPedalSmall.png */; };
		393C7F491610A46D0042136D /* greenLightSmall.png in Resources */ = {isa = PBXBuildFile; fileRef = 393C7F431610A46D0042136D /* greenLightSmall.png */; };
		393C7F4A1610A46D0042136D /* redLightSmall.png in Resources */ = {isa = PBXBuildFile; fileRef = 393C7F441610A46D0042136D /* redLightSmall.png */; };
		393C7F4B1610A46D0042136D /* road.png in Resources */ = {isa = PBXBuildFile; fileRef = 393C7F451610A46D0042136D /* road.png */; };
		393C7F4D1610A46D0042136D /* yellowLightSmall.png in Resources */ = {isa = PBXBuildFile; fileRef = 393C7F471610A46D0042136D /* yellowLightSmall.png */; };
/* End PBXBuildFile section */

/* Begin PBXFileReference section */
		393C7F211610A4540042136D /* ReactionTime.app */ = {isa = PBXFileReference; explicitFileType = wrapper.application; includeInIndex = 0; path = ReactionTime.app; sourceTree = BUILT_PRODUCTS_DIR; };
		393C7F251610A4540042136D /* UIKit.framework */ = {isa = PBXFileReference; lastKnownFileType = wrapper.framework; name = UIKit.framework; path = System/Library/Frameworks/UIKit.framework; sourceTree = SDKROOT; };
		393C7F271610A4540042136D /* Foundation.framework */ = {isa = PBXFileReference; lastKnownFileType = wrapper.framework; name = Foundation.framework; path = System/Library/Frameworks/Foundation.framework; sourceTree = SDKROOT; };
		393C7F291610A4540042136D /* CoreGraphics.framework */ = {isa = PBXFileReference; lastKnownFileType = wrapper.framework; name = CoreGraphics.framework; path = System/Library/Frameworks/CoreGraphics.framework; sourceTree = SDKROOT; };
		393C7F2D1610A4540042136D /* ReactionTime-Info.plist */ = {isa = PBXFileReference; lastKnownFileType = text.plist.xml; path = "ReactionTime-Info.plist"; sourceTree = "<group>"; };
		393C7F2F1610A4540042136D /* en */ = {isa = PBXFileReference; lastKnownFileType = text.plist.strings; name = en; path = en.lproj/InfoPlist.strings; sourceTree = "<group>"; };
		393C7F311610A4540042136D /* main.m */ = {isa = PBXFileReference; lastKnownFileType = sourcecode.c.objc; path = main.m; sourceTree = "<group>"; };
		393C7F331610A4540042136D /* ReactionTime-Prefix.pch */ = {isa = PBXFileReference; lastKnownFileType = sourcecode.c.h; path = "ReactionTime-Prefix.pch"; sourceTree = "<group>"; };
		393C7F341610A4540042136D /* rtAppDelegate.h */ = {isa = PBXFileReference; lastKnownFileType = sourcecode.c.h; path = rtAppDelegate.h; sourceTree = "<group>"; };
		393C7F351610A4540042136D /* rtAppDelegate.m */ = {isa = PBXFileReference; lastKnownFileType = sourcecode.c.objc; path = rtAppDelegate.m; sourceTree = "<group>"; };
		393C7F371610A4540042136D /* rtViewController.h */ = {isa = PBXFileReference; lastKnownFileType = sourcecode.c.h; path = rtViewController.h; sourceTree = "<group>"; };
		393C7F381610A4540042136D /* rtViewController.m */ = {isa = PBXFileReference; lastKnownFileType = sourcecode.c.objc; path = rtViewController.m; sourceTree = "<group>"; };
		393C7F3B1610A4540042136D /* en */ = {isa = PBXFileReference; lastKnownFileType = file.xib; name = en; path = en.lproj/rtViewController.xib; sourceTree = "<group>"; };
		393C7F421610A46D0042136D /* gasPedalSmall.png */ = {isa = PBXFileReference; lastKnownFileType = image.png; name = gasPedalSmall.png; path = ../gasPedalSmall.png; sourceTree = "<group>"; };
		393C7F431610A46D0042136D /* greenLightSmall.png */ = {isa = PBXFileReference; lastKnownFileType = image.png; name = greenLightSmall.png; path = ../greenLightSmall.png; sourceTree = "<group>"; };
		393C7F441610A46D0042136D /* redLightSmall.png */ = {isa = PBXFileReference; lastKnownFileType = image.png; name = redLightSmall.png; path = ../redLightSmall.png; sourceTree = "<group>"; };
		393C7F451610A46D0042136D /* road.png */ = {isa = PBXFileReference; lastKnownFileType = image.png; name = road.png; path = ../road.png; sourceTree = "<group>"; };
		393C7F471610A46D0042136D /* yellowLightSmall.png */ = {isa = PBXFileReference; lastKnownFileType = image.png; name = yellowLightSmall.png; path = ../yellowLightSmall.png; sourceTree = "<group>"; };
/* End PBXFileReference section */

/* Begin PBXFrameworksBuildPhase section */
		393C7F1E1610A4540042136D /* Frameworks */ = {
			isa = PBXFrameworksBuildPhase;
			buildActionMask = 2147483647;
			files = (
				393C7F261610A4540042136D /* UIKit.framework in Frameworks */,
				393C7F281610A4540042136D /* Foundation.framework in Frameworks */,
				393C7F2A1610A4540042136D /* CoreGraphics.framework in Frameworks */,
			);
			runOnlyForDeploymentPostprocessing = 0;
		};
/* End PBXFrameworksBuildPhase section */

/* Begin PBXGroup section */
		393C7F161610A4530042136D = {
			isa = PBXGroup;
			children = (
				393C7F2B1610A4540042136D /* ReactionTime */,
				393C7F241610A4540042136D /* Frameworks */,
				393C7F221610A4540042136D /* Products */,
			);
			sourceTree = "<group>";
		};
		393C7F221610A4540042136D /* Products */ = {
			isa = PBXGroup;
			children = (
				393C7F211610A4540042136D /* ReactionTime.app */,
			);
			name = Products;
			sourceTree = "<group>";
		};
		393C7F241610A4540042136D /* Frameworks */ = {
			isa = PBXGroup;
			children = (
				393C7F251610A4540042136D /* UIKit.framework */,
				393C7F271610A4540042136D /* Foundation.framework */,
				393C7F291610A4540042136D /* CoreGraphics.framework */,
			);
			name = Frameworks;
			sourceTree = "<group>";
		};
		393C7F2B1610A4540042136D /* ReactionTime */ = {
			isa = PBXGroup;
			children = (
				393C7F421610A46D0042136D /* gasPedalSmall.png */,
				393C7F431610A46D0042136D /* greenLightSmall.png */,
				393C7F441610A46D0042136D /* redLightSmall.png */,
				393C7F451610A46D0042136D /* road.png */,
				393C7F471610A46D0042136D /* yellowLightSmall.png */,
				393C7F341610A4540042136D /* rtAppDelegate.h */,
				393C7F351610A4540042136D /* rtAppDelegate.m */,
				393C7F371610A4540042136D /* rtViewController.h */,
				393C7F381610A4540042136D /* rtViewController.m */,
				393C7F3A1610A4540042136D /* rtViewController.xib */,
				393C7F2C1610A4540042136D /* Supporting Files */,
			);
			path = ReactionTime;
			sourceTree = "<group>";
		};
		393C7F2C1610A4540042136D /* Supporting Files */ = {
			isa = PBXGroup;
			children = (
				393C7F2D1610A4540042136D /* ReactionTime-Info.plist */,
				393C7F2E1610A4540042136D /* InfoPlist.strings */,
				393C7F311610A4540042136D /* main.m */,
				393C7F331610A4540042136D /* ReactionTime-Prefix.pch */,
			);
			name = "Supporting Files";
			sourceTree = "<group>";
		};
/* End PBXGroup section */

/* Begin PBXNativeTarget section */
		393C7F201610A4540042136D /* ReactionTime */ = {
			isa = PBXNativeTarget;
			buildConfigurationList = 393C7F3F1610A4540042136D /* Build configuration list for PBXNativeTarget "ReactionTime" */;
			buildPhases = (
				393C7F1D1610A4540042136D /* Sources */,
				393C7F1E1610A4540042136D /* Frameworks */,
				393C7F1F1610A4540042136D /* Resources */,
			);
			buildRules = (
			);
			dependencies = (
			);
			name = ReactionTime;
			productName = ReactionTime;
			productReference = 393C7F211610A4540042136D /* ReactionTime.app */;
			productType = "com.apple.product-type.application";
		};
/* End PBXNativeTarget section */

/* Begin PBXProject section */
		393C7F181610A4530042136D /* Project object */ = {
			isa = PBXProject;
			attributes = {
				CLASSPREFIX = rt;
				LastUpgradeCheck = 0430;
			};
			buildConfigurationList = 393C7F1B1610A4530042136D /* Build configuration list for PBXProject "ReactionTime" */;
			compatibilityVersion = "Xcode 3.2";
			developmentRegion = English;
			hasScannedForEncodings = 0;
			knownRegions = (
				en,
			);
			mainGroup = 393C7F161610A4530042136D;
			productRefGroup = 393C7F221610A4540042136D /* Products */;
			projectDirPath = "";
			projectRoot = "";
			targets = (
				393C7F201610A4540042136D /* ReactionTime */,
			);
		};
/* End PBXProject section */

/* Begin PBXResourcesBuildPhase section */
		393C7F1F1610A4540042136D /* Resources */ = {
			isa = PBXResourcesBuildPhase;
			buildActionMask = 2147483647;
			files = (
				393C7F301610A4540042136D /* InfoPlist.strings in Resources */,
				393C7F3C1610A4540042136D /* rtViewController.xib in Resources */,
				393C7F481610A46D0042136D /* gasPedalSmall.png in Resources */,
				393C7F491610A46D0042136D /* greenLightSmall.png in Resources */,
				393C7F4A1610A46D0042136D /* redLightSmall.png in Resources */,
				393C7F4B1610A46D0042136D /* road.png in Resources */,
				393C7F4D1610A46D0042136D /* yellowLightSmall.png in Resources */,
			);
			runOnlyForDeploymentPostprocessing = 0;
		};
/* End PBXResourcesBuildPhase section */

/* Begin PBXSourcesBuildPhase section */
		393C7F1D1610A4540042136D /* Sources */ = {
			isa = PBXSourcesBuildPhase;
			buildActionMask = 2147483647;
			files = (
				393C7F321610A4540042136D /* main.m in Sources */,
				393C7F361610A4540042136D /* rtAppDelegate.m in Sources */,
				393C7F391610A4540042136D /* rtViewController.m in Sources */,
			);
			runOnlyForDeploymentPostprocessing = 0;
		};
/* End PBXSourcesBuildPhase section */

/* Begin PBXVariantGroup section */
		393C7F2E1610A4540042136D /* InfoPlist.strings */ = {
			isa = PBXVariantGroup;
			children = (
				393C7F2F1610A4540042136D /* en */,
			);
			name = InfoPlist.strings;
			sourceTree = "<group>";
		};
		393C7F3A1610A4540042136D /* rtViewController.xib */ = {
			isa = PBXVariantGroup;
			children = (
				393C7F3B1610A4540042136D /* en */,
			);
			name = rtViewController.xib;
			sourceTree = "<group>";
		};
/* End PBXVariantGroup section */

/* Begin XCBuildConfiguration section */
		393C7F3D1610A4540042136D /* Debug */ = {
			isa = XCBuildConfiguration;
			buildSettings = {
				ALWAYS_SEARCH_USER_PATHS = NO;
				ARCHS = "$(ARCHS_STANDARD_32_BIT)";
				CLANG_ENABLE_OBJC_ARC = YES;
				"CODE_SIGN_IDENTITY[sdk=iphoneos*]" = "iPhone Developer";
				COPY_PHASE_STRIP = NO;
				GCC_C_LANGUAGE_STANDARD = gnu99;
				GCC_DYNAMIC_NO_PIC = NO;
				GCC_OPTIMIZATION_LEVEL = 0;
				GCC_PREPROCESSOR_DEFINITIONS = (
					"DEBUG=1",
					"$(inherited)",
				);
				GCC_SYMBOLS_PRIVATE_EXTERN = NO;
				GCC_VERSION = com.apple.compilers.llvm.clang.1_0;
				GCC_WARN_ABOUT_RETURN_TYPE = YES;
				GCC_WARN_UNINITIALIZED_AUTOS = YES;
				GCC_WARN_UNUSED_VARIABLE = YES;
				IPHONEOS_DEPLOYMENT_TARGET = 5.1;
				SDKROOT = iphoneos;
			};
			name = Debug;
		};
		393C7F3E1610A4540042136D /* Release */ = {
			isa = XCBuildConfiguration;
			buildSettings = {
				ALWAYS_SEARCH_USER_PATHS = NO;
				ARCHS = "$(ARCHS_STANDARD_32_BIT)";
				CLANG_ENABLE_OBJC_ARC = YES;
				"CODE_SIGN_IDENTITY[sdk=iphoneos*]" = "iPhone Developer";
				COPY_PHASE_STRIP = YES;
				GCC_C_LANGUAGE_STANDARD = gnu99;
				GCC_VERSION = com.apple.compilers.llvm.clang.1_0;
				GCC_WARN_ABOUT_RETURN_TYPE = YES;
				GCC_WARN_UNINITIALIZED_AUTOS = YES;
				GCC_WARN_UNUSED_VARIABLE = YES;
				IPHONEOS_DEPLOYMENT_TARGET = 5.1;
				OTHER_CFLAGS = "-DNS_BLOCK_ASSERTIONS=1";
				SDKROOT = iphoneos;
				VALIDATE_PRODUCT = YES;
			};
			name = Release;
		};
		393C7F401610A4540042136D /* Debug */ = {
			isa = XCBuildConfiguration;
			buildSettings = {
				GCC_PRECOMPILE_PREFIX_HEADER = YES;
				GCC_PREFIX_HEADER = "ReactionTime/ReactionTime-Prefix.pch";
				INFOPLIST_FILE = "ReactionTime/ReactionTime-Info.plist";
				PRODUCT_NAME = "$(TARGET_NAME)";
				WRAPPER_EXTENSION = app;
			};
			name = Debug;
		};
		393C7F411610A4540042136D /* Release */ = {
			isa = XCBuildConfiguration;
			buildSettings = {
				GCC_PRECOMPILE_PREFIX_HEADER = YES;
				GCC_PREFIX_HEADER = "ReactionTime/ReactionTime-Prefix.pch";
				INFOPLIST_FILE = "ReactionTime/ReactionTime-Info.plist";
				PRODUCT_NAME = "$(TARGET_NAME)";
				WRAPPER_EXTENSION = app;
			};
			name = Release;
		};
/* End XCBuildConfiguration section */

/* Begin XCConfigurationList section */
		393C7F1B1610A4530042136D /* Build configuration list for PBXProject "ReactionTime" */ = {
			isa = XCConfigurationList;
			buildConfigurations = (
				393C7F3D1610A4540042136D /* Debug */,
				393C7F3E1610A4540042136D /* Release */,
			);
			defaultConfigurationIsVisible = 0;
			defaultConfigurationName = Release;
		};
		393C7F3F1610A4540042136D /* Build configuration list for PBXNativeTarget "ReactionTime" */ = {
			isa = XCConfigurationList;
			buildConfigurations = (
				393C7F401610A4540042136D /* Debug */,
				393C7F411610A4540042136D /* Release */,
			);
			defaultConfigurationIsVisible = 0;
		};
/* End XCConfigurationList section */
	};
	rootObject = 393C7F181610A4530042136D /* Project object */;
}
