// !$*UTF8*$!
{
	archiveVersion = 1;
	classes = {
	};
	objectVersion = 46;
	objects = {

/* Begin PBXBuildFile section */
		63EAE8AB15691BE7000DC779 /* UIKit.framework in Frameworks */ = {isa = PBXBuildFile; fileRef = 63EAE8AA15691BE7000DC779 /* UIKit.framework */; };
		63EAE8AD15691BE7000DC779 /* Foundation.framework in Frameworks */ = {isa = PBXBuildFile; fileRef = 63EAE8AC15691BE7000DC779 /* Foundation.framework */; };
		63EAE8AF15691BE7000DC779 /* CoreGraphics.framework in Frameworks */ = {isa = PBXBuildFile; fileRef = 63EAE8AE15691BE7000DC779 /* CoreGraphics.framework */; };
		63EAE8B515691BE7000DC779 /* InfoPlist.strings in Resources */ = {isa = PBXBuildFile; fileRef = 63EAE8B315691BE7000DC779 /* InfoPlist.strings */; };
		63EAE8B715691BE7000DC779 /* main.m in Sources */ = {isa = PBXBuildFile; fileRef = 63EAE8B615691BE7000DC779 /* main.m */; };
		63EAE8BB15691BE7000DC779 /* ClockAppDelegate.m in Sources */ = {isa = PBXBuildFile; fileRef = 63EAE8BA15691BE7000DC779 /* ClockAppDelegate.m */; };
		63EAE8BE15691BE7000DC779 /* ClockViewController.m in Sources */ = {isa = PBXBuildFile; fileRef = 63EAE8BD15691BE7000DC779 /* ClockViewController.m */; };
		63EAE8C115691BE7000DC779 /* ClockViewController.xib in Resources */ = {isa = PBXBuildFile; fileRef = 63EAE8BF15691BE7000DC779 /* ClockViewController.xib */; };
/* End PBXBuildFile section */

/* Begin PBXFileReference section */
		63EAE8A615691BE7000DC779 /* Clock.app */ = {isa = PBXFileReference; explicitFileType = wrapper.application; includeInIndex = 0; path = Clock.app; sourceTree = BUILT_PRODUCTS_DIR; };
		63EAE8AA15691BE7000DC779 /* UIKit.framework */ = {isa = PBXFileReference; lastKnownFileType = wrapper.framework; name = UIKit.framework; path = System/Library/Frameworks/UIKit.framework; sourceTree = SDKROOT; };
		63EAE8AC15691BE7000DC779 /* Foundation.framework */ = {isa = PBXFileReference; lastKnownFileType = wrapper.framework; name = Foundation.framework; path = System/Library/Frameworks/Foundation.framework; sourceTree = SDKROOT; };
		63EAE8AE15691BE7000DC779 /* CoreGraphics.framework */ = {isa = PBXFileReference; lastKnownFileType = wrapper.framework; name = CoreGraphics.framework; path = System/Library/Frameworks/CoreGraphics.framework; sourceTree = SDKROOT; };
		63EAE8B215691BE7000DC779 /* Clock-Info.plist */ = {isa = PBXFileReference; lastKnownFileType = text.plist.xml; path = "Clock-Info.plist"; sourceTree = "<group>"; };
		63EAE8B415691BE7000DC779 /* en */ = {isa = PBXFileReference; lastKnownFileType = text.plist.strings; name = en; path = en.lproj/InfoPlist.strings; sourceTree = "<group>"; };
		63EAE8B615691BE7000DC779 /* main.m */ = {isa = PBXFileReference; lastKnownFileType = sourcecode.c.objc; path = main.m; sourceTree = "<group>"; };
		63EAE8B815691BE7000DC779 /* Clock-Prefix.pch */ = {isa = PBXFileReference; lastKnownFileType = sourcecode.c.h; path = "Clock-Prefix.pch"; sourceTree = "<group>"; };
		63EAE8B915691BE7000DC779 /* ClockAppDelegate.h */ = {isa = PBXFileReference; lastKnownFileType = sourcecode.c.h; path = ClockAppDelegate.h; sourceTree = "<group>"; };
		63EAE8BA15691BE7000DC779 /* ClockAppDelegate.m */ = {isa = PBXFileReference; lastKnownFileType = sourcecode.c.objc; path = ClockAppDelegate.m; sourceTree = "<group>"; };
		63EAE8BC15691BE7000DC779 /* ClockViewController.h */ = {isa = PBXFileReference; lastKnownFileType = sourcecode.c.h; path = ClockViewController.h; sourceTree = "<group>"; };
		63EAE8BD15691BE7000DC779 /* ClockViewController.m */ = {isa = PBXFileReference; lastKnownFileType = sourcecode.c.objc; path = ClockViewController.m; sourceTree = "<group>"; };
		63EAE8C015691BE7000DC779 /* en */ = {isa = PBXFileReference; lastKnownFileType = file.xib; name = en; path = en.lproj/ClockViewController.xib; sourceTree = "<group>"; };
/* End PBXFileReference section */

/* Begin PBXFrameworksBuildPhase section */
		63EAE8A315691BE7000DC779 /* Frameworks */ = {
			isa = PBXFrameworksBuildPhase;
			buildActionMask = 2147483647;
			files = (
				63EAE8AB15691BE7000DC779 /* UIKit.framework in Frameworks */,
				63EAE8AD15691BE7000DC779 /* Foundation.framework in Frameworks */,
				63EAE8AF15691BE7000DC779 /* CoreGraphics.framework in Frameworks */,
			);
			runOnlyForDeploymentPostprocessing = 0;
		};
/* End PBXFrameworksBuildPhase section */

/* Begin PBXGroup section */
		63EAE89B15691BE7000DC779 = {
			isa = PBXGroup;
			children = (
				63EAE8B015691BE7000DC779 /* Clock */,
				63EAE8A915691BE7000DC779 /* Frameworks */,
				63EAE8A715691BE7000DC779 /* Products */,
			);
			sourceTree = "<group>";
		};
		63EAE8A715691BE7000DC779 /* Products */ = {
			isa = PBXGroup;
			children = (
				63EAE8A615691BE7000DC779 /* Clock.app */,
			);
			name = Products;
			sourceTree = "<group>";
		};
		63EAE8A915691BE7000DC779 /* Frameworks */ = {
			isa = PBXGroup;
			children = (
				63EAE8AA15691BE7000DC779 /* UIKit.framework */,
				63EAE8AC15691BE7000DC779 /* Foundation.framework */,
				63EAE8AE15691BE7000DC779 /* CoreGraphics.framework */,
			);
			name = Frameworks;
			sourceTree = "<group>";
		};
		63EAE8B015691BE7000DC779 /* Clock */ = {
			isa = PBXGroup;
			children = (
				63EAE8B915691BE7000DC779 /* ClockAppDelegate.h */,
				63EAE8BA15691BE7000DC779 /* ClockAppDelegate.m */,
				63EAE8BC15691BE7000DC779 /* ClockViewController.h */,
				63EAE8BD15691BE7000DC779 /* ClockViewController.m */,
				63EAE8BF15691BE7000DC779 /* ClockViewController.xib */,
				63EAE8B115691BE7000DC779 /* Supporting Files */,
			);
			path = Clock;
			sourceTree = "<group>";
		};
		63EAE8B115691BE7000DC779 /* Supporting Files */ = {
			isa = PBXGroup;
			children = (
				63EAE8B215691BE7000DC779 /* Clock-Info.plist */,
				63EAE8B315691BE7000DC779 /* InfoPlist.strings */,
				63EAE8B615691BE7000DC779 /* main.m */,
				63EAE8B815691BE7000DC779 /* Clock-Prefix.pch */,
			);
			name = "Supporting Files";
			sourceTree = "<group>";
		};
/* End PBXGroup section */

/* Begin PBXNativeTarget section */
		63EAE8A515691BE7000DC779 /* Clock */ = {
			isa = PBXNativeTarget;
			buildConfigurationList = 63EAE8C415691BE7000DC779 /* Build configuration list for PBXNativeTarget "Clock" */;
			buildPhases = (
				63EAE8A215691BE7000DC779 /* Sources */,
				63EAE8A315691BE7000DC779 /* Frameworks */,
				63EAE8A415691BE7000DC779 /* Resources */,
			);
			buildRules = (
			);
			dependencies = (
			);
			name = Clock;
			productName = Clock;
			productReference = 63EAE8A615691BE7000DC779 /* Clock.app */;
			productType = "com.apple.product-type.application";
		};
/* End PBXNativeTarget section */

/* Begin PBXProject section */
		63EAE89D15691BE7000DC779 /* Project object */ = {
			isa = PBXProject;
			attributes = {
				LastUpgradeCheck = 0420;
			};
			buildConfigurationList = 63EAE8A015691BE7000DC779 /* Build configuration list for PBXProject "Clock" */;
			compatibilityVersion = "Xcode 3.2";
			developmentRegion = English;
			hasScannedForEncodings = 0;
			knownRegions = (
				en,
			);
			mainGroup = 63EAE89B15691BE7000DC779;
			productRefGroup = 63EAE8A715691BE7000DC779 /* Products */;
			projectDirPath = "";
			projectRoot = "";
			targets = (
				63EAE8A515691BE7000DC779 /* Clock */,
			);
		};
/* End PBXProject section */

/* Begin PBXResourcesBuildPhase section */
		63EAE8A415691BE7000DC779 /* Resources */ = {
			isa = PBXResourcesBuildPhase;
			buildActionMask = 2147483647;
			files = (
				63EAE8B515691BE7000DC779 /* InfoPlist.strings in Resources */,
				63EAE8C115691BE7000DC779 /* ClockViewController.xib in Resources */,
			);
			runOnlyForDeploymentPostprocessing = 0;
		};
/* End PBXResourcesBuildPhase section */

/* Begin PBXSourcesBuildPhase section */
		63EAE8A215691BE7000DC779 /* Sources */ = {
			isa = PBXSourcesBuildPhase;
			buildActionMask = 2147483647;
			files = (
				63EAE8B715691BE7000DC779 /* main.m in Sources */,
				63EAE8BB15691BE7000DC779 /* ClockAppDelegate.m in Sources */,
				63EAE8BE15691BE7000DC779 /* ClockViewController.m in Sources */,
			);
			runOnlyForDeploymentPostprocessing = 0;
		};
/* End PBXSourcesBuildPhase section */

/* Begin PBXVariantGroup section */
		63EAE8B315691BE7000DC779 /* InfoPlist.strings */ = {
			isa = PBXVariantGroup;
			children = (
				63EAE8B415691BE7000DC779 /* en */,
			);
			name = InfoPlist.strings;
			sourceTree = "<group>";
		};
		63EAE8BF15691BE7000DC779 /* ClockViewController.xib */ = {
			isa = PBXVariantGroup;
			children = (
				63EAE8C015691BE7000DC779 /* en */,
			);
			name = ClockViewController.xib;
			sourceTree = "<group>";
		};
/* End PBXVariantGroup section */

/* Begin XCBuildConfiguration section */
		63EAE8C215691BE7000DC779 /* Debug */ = {
			isa = XCBuildConfiguration;
			buildSettings = {
				ALWAYS_SEARCH_USER_PATHS = NO;
				ARCHS = "$(ARCHS_STANDARD_32_BIT)";
				CLANG_ENABLE_OBJC_ARC = YES;
				"CODE_SIGN_IDENTITY[sdk=iphoneos*]" = "iPhone Developer";
				COPY_PHASE_STRIP = NO;
				GCC_C_LANGUAGE_STANDARD = gnu99;
				GCC_DYNAMIC_NO_PIC = NO;
				GCC_OPTIMIZATION_LEVEL = 0;
				GCC_PREPROCESSOR_DEFINITIONS = (
					"DEBUG=1",
					"$(inherited)",
				);
				GCC_SYMBOLS_PRIVATE_EXTERN = NO;
				GCC_VERSION = com.apple.compilers.llvm.clang.1_0;
				GCC_WARN_ABOUT_MISSING_PROTOTYPES = YES;
				GCC_WARN_ABOUT_RETURN_TYPE = YES;
				GCC_WARN_UNUSED_VARIABLE = YES;
				IPHONEOS_DEPLOYMENT_TARGET = 5.0;
				SDKROOT = iphoneos;
			};
			name = Debug;
		};
		63EAE8C315691BE7000DC779 /* Release */ = {
			isa = XCBuildConfiguration;
			buildSettings = {
				ALWAYS_SEARCH_USER_PATHS = NO;
				ARCHS = "$(ARCHS_STANDARD_32_BIT)";
				CLANG_ENABLE_OBJC_ARC = YES;
				"CODE_SIGN_IDENTITY[sdk=iphoneos*]" = "iPhone Developer";
				COPY_PHASE_STRIP = YES;
				GCC_C_LANGUAGE_STANDARD = gnu99;
				GCC_VERSION = com.apple.compilers.llvm.clang.1_0;
				GCC_WARN_ABOUT_MISSING_PROTOTYPES = YES;
				GCC_WARN_ABOUT_RETURN_TYPE = YES;
				GCC_WARN_UNUSED_VARIABLE = YES;
				IPHONEOS_DEPLOYMENT_TARGET = 5.0;
				OTHER_CFLAGS = "-DNS_BLOCK_ASSERTIONS=1";
				SDKROOT = iphoneos;
				VALIDATE_PRODUCT = YES;
			};
			name = Release;
		};
		63EAE8C515691BE7000DC779 /* Debug */ = {
			isa = XCBuildConfiguration;
			buildSettings = {
				GCC_PRECOMPILE_PREFIX_HEADER = YES;
				GCC_PREFIX_HEADER = "Clock/Clock-Prefix.pch";
				INFOPLIST_FILE = "Clock/Clock-Info.plist";
				PRODUCT_NAME = "$(TARGET_NAME)";
				WRAPPER_EXTENSION = app;
			};
			name = Debug;
		};
		63EAE8C615691BE7000DC779 /* Release */ = {
			isa = XCBuildConfiguration;
			buildSettings = {
				GCC_PRECOMPILE_PREFIX_HEADER = YES;
				GCC_PREFIX_HEADER = "Clock/Clock-Prefix.pch";
				INFOPLIST_FILE = "Clock/Clock-Info.plist";
				PRODUCT_NAME = "$(TARGET_NAME)";
				WRAPPER_EXTENSION = app;
			};
			name = Release;
		};
/* End XCBuildConfiguration section */

/* Begin XCConfigurationList section */
		63EAE8A015691BE7000DC779 /* Build configuration list for PBXProject "Clock" */ = {
			isa = XCConfigurationList;
			buildConfigurations = (
				63EAE8C215691BE7000DC779 /* Debug */,
				63EAE8C315691BE7000DC779 /* Release */,
			);
			defaultConfigurationIsVisible = 0;
			defaultConfigurationName = Release;
		};
		63EAE8C415691BE7000DC779 /* Build configuration list for PBXNativeTarget "Clock" */ = {
			isa = XCConfigurationList;
			buildConfigurations = (
				63EAE8C515691BE7000DC779 /* Debug */,
				63EAE8C615691BE7000DC779 /* Release */,
			);
			defaultConfigurationIsVisible = 0;
		};
/* End XCConfigurationList section */
	};
	rootObject = 63EAE89D15691BE7000DC779 /* Project object */;
}
